
Microsoft Visual Studio Solution File, Format Version 12.00
# Visual Studio Version 17
VisualStudioVersion = 17.13.35617.110 d17.13
MinimumVisualStudioVersion = 10.0.40219.1
Project("{FAE04EC0-301F-11D3-BF4B-00C04F79EFBC}") = "DeepBridgeWindowsAppCore", "DeepBridgeWindowsAppCore.csproj", "{2F64860E-D66C-E605-BAFB-44D1DEEFFC75}"
EndProject
Global
	GlobalSection(SolutionConfigurationPlatforms) = preSolution
		Debug|Any CPU = Debug|Any CPU
		Release|Any CPU = Release|Any CPU
	EndGlobalSection
	GlobalSection(ProjectConfigurationPlatforms) = postSolution
		{2F64860E-D66C-E605-BAFB-44D1DEEFFC75}.Debug|Any CPU.ActiveCfg = Debug|Any CPU
		{2F64860E-D66C-E605-BAFB-44D1DEEFFC75}.Debug|Any CPU.Build.0 = Debug|Any CPU
		{2F64860E-D66C-E605-BAFB-44D1DEEFFC75}.Release|Any CPU.ActiveCfg = Release|Any CPU
		{2F64860E-D66C-E605-BAFB-44D1DEEFFC75}.Release|Any CPU.Build.0 = Release|Any CPU
	EndGlobalSection
	GlobalSection(SolutionProperties) = preSolution
		HideSolutionNode = FALSE
	EndGlobalSection
	GlobalSection(ExtensibilityGlobals) = postSolution
		SolutionGuid = {66043660-C7BA-484B-B787-E1B51BC60666}
	EndGlobalSection
EndGlobal
